// !$*UTF8*$!
{
	archiveVersion = 1;
	classes = {
	};
	objectVersion = 56;
	objects = {

/* Begin PBXBuildFile section */
		C003EEDC2A8BCA3F00B64960 /* AppDelegate.swift in Sources */ = {isa = PBXBuildFile; fileRef = C003EEDB2A8BCA3F00B64960 /* AppDelegate.swift */; };
		C003EEDE2A8BCA3F00B64960 /* SceneDelegate.swift in Sources */ = {isa = PBXBuildFile; fileRef = C003EEDD2A8BCA3F00B64960 /* SceneDelegate.swift */; };
		C003EEE02A8BCA3F00B64960 /* ViewController.swift in Sources */ = {isa = PBXBuildFile; fileRef = C003EEDF2A8BCA3F00B64960 /* ViewController.swift */; };
		C003EEE52A8BCA4000B64960 /* Assets.xcassets in Resources */ = {isa = PBXBuildFile; fileRef = C003EEE42A8BCA4000B64960 /* Assets.xcassets */; };
		C003EEE82A8BCA4000B64960 /* LaunchScreen.storyboard in Resources */ = {isa = PBXBuildFile; fileRef = C003EEE62A8BCA4000B64960 /* LaunchScreen.storyboard */; };
		C003EEF32A8BCA4000B64960 /* TipCalculatorTests.swift in Sources */ = {isa = PBXBuildFile; fileRef = C003EEF22A8BCA4000B64960 /* TipCalculatorTests.swift */; };
		C003EEFD2A8BCA4000B64960 /* TipCalculatorUITests.swift in Sources */ = {isa = PBXBuildFile; fileRef = C003EEFC2A8BCA4000B64960 /* TipCalculatorUITests.swift */; };
		C003EEFF2A8BCA4000B64960 /* TipCalculatorUITestsLaunchTests.swift in Sources */ = {isa = PBXBuildFile; fileRef = C003EEFE2A8BCA4000B64960 /* TipCalculatorUITestsLaunchTests.swift */; };
		C079829B2AA8EF8B00097F0A /* UIResponder+Extension.swift in Sources */ = {isa = PBXBuildFile; fileRef = C079829A2AA8EF8B00097F0A /* UIResponder+Extension.swift */; };
		C0B03BA02A8BCB7900BEAAD2 /* CombineCocoa in Frameworks */ = {isa = PBXBuildFile; productRef = C0B03B9F2A8BCB7900BEAAD2 /* CombineCocoa */; };
		C0B03BA32A8BCBA000BEAAD2 /* SnapKit in Frameworks */ = {isa = PBXBuildFile; productRef = C0B03BA22A8BCBA000BEAAD2 /* SnapKit */; };
		C0B03BA62A8BCBD800BEAAD2 /* CombineCocoa in Frameworks */ = {isa = PBXBuildFile; productRef = C0B03BA52A8BCBD800BEAAD2 /* CombineCocoa */; };
		C0B03BA92A8BCBF500BEAAD2 /* SnapshotTesting in Frameworks */ = {isa = PBXBuildFile; productRef = C0B03BA82A8BCBF500BEAAD2 /* SnapshotTesting */; };
		C0B03BAB2A8BCC0500BEAAD2 /* CombineCocoa in Frameworks */ = {isa = PBXBuildFile; productRef = C0B03BAA2A8BCC0500BEAAD2 /* CombineCocoa */; };
		C0B03BAE2A8BD5A000BEAAD2 /* LogoView.swift in Sources */ = {isa = PBXBuildFile; fileRef = C0B03BAD2A8BD5A000BEAAD2 /* LogoView.swift */; };
		C0B03BB02A8BD71B00BEAAD2 /* ResultView.swift in Sources */ = {isa = PBXBuildFile; fileRef = C0B03BAF2A8BD71B00BEAAD2 /* ResultView.swift */; };
		C0B03BB22A8C858800BEAAD2 /* BillInputView.swift in Sources */ = {isa = PBXBuildFile; fileRef = C0B03BB12A8C858800BEAAD2 /* BillInputView.swift */; };
		C0B03BB42A8C85BB00BEAAD2 /* TipInputView.swift in Sources */ = {isa = PBXBuildFile; fileRef = C0B03BB32A8C85BB00BEAAD2 /* TipInputView.swift */; };
		C0B03BB62A8C85E500BEAAD2 /* SplitInputView.swift in Sources */ = {isa = PBXBuildFile; fileRef = C0B03BB52A8C85E500BEAAD2 /* SplitInputView.swift */; };
		C0B03BB82A8C920000BEAAD2 /* CustomStackView.swift in Sources */ = {isa = PBXBuildFile; fileRef = C0B03BB72A8C920000BEAAD2 /* CustomStackView.swift */; };
		C0B03C772A8D353B00D7E5DA /* ThemeColour.swift in Sources */ = {isa = PBXBuildFile; fileRef = C0B03C762A8D353B00D7E5DA /* ThemeColour.swift */; };
		C0B03C792A8D354800D7E5DA /* ThemeFont.swift in Sources */ = {isa = PBXBuildFile; fileRef = C0B03C782A8D354800D7E5DA /* ThemeFont.swift */; };
		C0B03C7C2A8D359500D7E5DA /* UIColour+Extension.swift in Sources */ = {isa = PBXBuildFile; fileRef = C0B03C7B2A8D359500D7E5DA /* UIColour+Extension.swift */; };
		C0B03C7E2A8D40EA00D7E5DA /* LabelFactory.swift in Sources */ = {isa = PBXBuildFile; fileRef = C0B03C7D2A8D40EA00D7E5DA /* LabelFactory.swift */; };
		C0B7BF4E2A8E2B5100C8990C /* AmountView.swift in Sources */ = {isa = PBXBuildFile; fileRef = C0B7BF4D2A8E2B5100C8990C /* AmountView.swift */; };
		C0B7BF502A8E2DF900C8990C /* UIview+Extensions.swift in Sources */ = {isa = PBXBuildFile; fileRef = C0B7BF4F2A8E2DF900C8990C /* UIview+Extensions.swift */; };
		C0C497652AACE7560057EF29 /* Int+Extension.swift in Sources */ = {isa = PBXBuildFile; fileRef = C0C497642AACE7560057EF29 /* Int+Extension.swift */; };
		C0C497672AAD83150057EF29 /* Double+Extension.swift in Sources */ = {isa = PBXBuildFile; fileRef = C0C497662AAD83150057EF29 /* Double+Extension.swift */; };
		C0C497692AAD97590057EF29 /* click.m4a in Resources */ = {isa = PBXBuildFile; fileRef = C0C497682AAD97590057EF29 /* click.m4a */; };
		C0C4976D2AAD978E0057EF29 /* AudioPlayerService.swift in Sources */ = {isa = PBXBuildFile; fileRef = C0C4976C2AAD978E0057EF29 /* AudioPlayerService.swift */; };
		C0E4C6EB2A9BC7AD00A803CB /* CalculatorVm.swift in Sources */ = {isa = PBXBuildFile; fileRef = C0E4C6EA2A9BC7AD00A803CB /* CalculatorVm.swift */; };
		C0E4C6ED2A9BD72900A803CB /* String+Extensions.swift in Sources */ = {isa = PBXBuildFile; fileRef = C0E4C6EC2A9BD72900A803CB /* String+Extensions.swift */; };
		C0E4C6F02A9BDEDE00A803CB /* Tip.swift in Sources */ = {isa = PBXBuildFile; fileRef = C0E4C6EF2A9BDEDE00A803CB /* Tip.swift */; };
		C0FC38DB2A90F29500310B03 /* HeaderView.swift in Sources */ = {isa = PBXBuildFile; fileRef = C0FC38DA2A90F29500310B03 /* HeaderView.swift */; };
		C0FC38DD2A90FA8F00310B03 /* TextFieldView.swift in Sources */ = {isa = PBXBuildFile; fileRef = C0FC38DC2A90FA8F00310B03 /* TextFieldView.swift */; };
		C0FC38DF2A90FF4F00310B03 /* CustomKeyBoard.swift in Sources */ = {isa = PBXBuildFile; fileRef = C0FC38DE2A90FF4F00310B03 /* CustomKeyBoard.swift */; };
/* End PBXBuildFile section */

/* Begin PBXContainerItemProxy section */
		C003EEEF2A8BCA4000B64960 /* PBXContainerItemProxy */ = {
			isa = PBXContainerItemProxy;
			containerPortal = C003EED02A8BCA3E00B64960 /* Project object */;
			proxyType = 1;
			remoteGlobalIDString = C003EED72A8BCA3E00B64960;
			remoteInfo = TipCalculator;
		};
		C003EEF92A8BCA4000B64960 /* PBXContainerItemProxy */ = {
			isa = PBXContainerItemProxy;
			containerPortal = C003EED02A8BCA3E00B64960 /* Project object */;
			proxyType = 1;
			remoteGlobalIDString = C003EED72A8BCA3E00B64960;
			remoteInfo = TipCalculator;
		};
/* End PBXContainerItemProxy section */

/* Begin PBXFileReference section */
		C003EED82A8BCA3E00B64960 /* TipCalculator.app */ = {isa = PBXFileReference; explicitFileType = wrapper.application; includeInIndex = 0; path = TipCalculator.app; sourceTree = BUILT_PRODUCTS_DIR; };
		C003EEDB2A8BCA3F00B64960 /* AppDelegate.swift */ = {isa = PBXFileReference; lastKnownFileType = sourcecode.swift; path = AppDelegate.swift; sourceTree = "<group>"; };
		C003EEDD2A8BCA3F00B64960 /* SceneDelegate.swift */ = {isa = PBXFileReference; lastKnownFileType = sourcecode.swift; path = SceneDelegate.swift; sourceTree = "<group>"; };
		C003EEDF2A8BCA3F00B64960 /* ViewController.swift */ = {isa = PBXFileReference; lastKnownFileType = sourcecode.swift; path = ViewController.swift; sourceTree = "<group>"; };
		C003EEE42A8BCA4000B64960 /* Assets.xcassets */ = {isa = PBXFileReference; lastKnownFileType = folder.assetcatalog; path = Assets.xcassets; sourceTree = "<group>"; };
		C003EEE72A8BCA4000B64960 /* Base */ = {isa = PBXFileReference; lastKnownFileType = file.storyboard; name = Base; path = Base.lproj/LaunchScreen.storyboard; sourceTree = "<group>"; };
		C003EEE92A8BCA4000B64960 /* Info.plist */ = {isa = PBXFileReference; lastKnownFileType = text.plist.xml; path = Info.plist; sourceTree = "<group>"; };
		C003EEEE2A8BCA4000B64960 /* TipCalculatorTests.xctest */ = {isa = PBXFileReference; explicitFileType = wrapper.cfbundle; includeInIndex = 0; path = TipCalculatorTests.xctest; sourceTree = BUILT_PRODUCTS_DIR; };
		C003EEF22A8BCA4000B64960 /* TipCalculatorTests.swift */ = {isa = PBXFileReference; lastKnownFileType = sourcecode.swift; path = TipCalculatorTests.swift; sourceTree = "<group>"; };
		C003EEF82A8BCA4000B64960 /* TipCalculatorUITests.xctest */ = {isa = PBXFileReference; explicitFileType = wrapper.cfbundle; includeInIndex = 0; path = TipCalculatorUITests.xctest; sourceTree = BUILT_PRODUCTS_DIR; };
		C003EEFC2A8BCA4000B64960 /* TipCalculatorUITests.swift */ = {isa = PBXFileReference; lastKnownFileType = sourcecode.swift; path = TipCalculatorUITests.swift; sourceTree = "<group>"; };
		C003EEFE2A8BCA4000B64960 /* TipCalculatorUITestsLaunchTests.swift */ = {isa = PBXFileReference; lastKnownFileType = sourcecode.swift; path = TipCalculatorUITestsLaunchTests.swift; sourceTree = "<group>"; };
		C079829A2AA8EF8B00097F0A /* UIResponder+Extension.swift */ = {isa = PBXFileReference; lastKnownFileType = sourcecode.swift; path = "UIResponder+Extension.swift"; sourceTree = "<group>"; };
		C0B03BAD2A8BD5A000BEAAD2 /* LogoView.swift */ = {isa = PBXFileReference; lastKnownFileType = sourcecode.swift; path = LogoView.swift; sourceTree = "<group>"; };
		C0B03BAF2A8BD71B00BEAAD2 /* ResultView.swift */ = {isa = PBXFileReference; lastKnownFileType = sourcecode.swift; path = ResultView.swift; sourceTree = "<group>"; };
		C0B03BB12A8C858800BEAAD2 /* BillInputView.swift */ = {isa = PBXFileReference; lastKnownFileType = sourcecode.swift; path = BillInputView.swift; sourceTree = "<group>"; };
		C0B03BB32A8C85BB00BEAAD2 /* TipInputView.swift */ = {isa = PBXFileReference; lastKnownFileType = sourcecode.swift; path = TipInputView.swift; sourceTree = "<group>"; };
		C0B03BB52A8C85E500BEAAD2 /* SplitInputView.swift */ = {isa = PBXFileReference; lastKnownFileType = sourcecode.swift; path = SplitInputView.swift; sourceTree = "<group>"; };
		C0B03BB72A8C920000BEAAD2 /* CustomStackView.swift */ = {isa = PBXFileReference; lastKnownFileType = sourcecode.swift; path = CustomStackView.swift; sourceTree = "<group>"; };
		C0B03C762A8D353B00D7E5DA /* ThemeColour.swift */ = {isa = PBXFileReference; lastKnownFileType = sourcecode.swift; path = ThemeColour.swift; sourceTree = "<group>"; };
		C0B03C782A8D354800D7E5DA /* ThemeFont.swift */ = {isa = PBXFileReference; lastKnownFileType = sourcecode.swift; path = ThemeFont.swift; sourceTree = "<group>"; };
		C0B03C7B2A8D359500D7E5DA /* UIColour+Extension.swift */ = {isa = PBXFileReference; lastKnownFileType = sourcecode.swift; path = "UIColour+Extension.swift"; sourceTree = "<group>"; };
		C0B03C7D2A8D40EA00D7E5DA /* LabelFactory.swift */ = {isa = PBXFileReference; lastKnownFileType = sourcecode.swift; path = LabelFactory.swift; sourceTree = "<group>"; };
		C0B7BF4D2A8E2B5100C8990C /* AmountView.swift */ = {isa = PBXFileReference; lastKnownFileType = sourcecode.swift; path = AmountView.swift; sourceTree = "<group>"; };
		C0B7BF4F2A8E2DF900C8990C /* UIview+Extensions.swift */ = {isa = PBXFileReference; lastKnownFileType = sourcecode.swift; path = "UIview+Extensions.swift"; sourceTree = "<group>"; };
		C0C497642AACE7560057EF29 /* Int+Extension.swift */ = {isa = PBXFileReference; lastKnownFileType = sourcecode.swift; path = "Int+Extension.swift"; sourceTree = "<group>"; };
		C0C497662AAD83150057EF29 /* Double+Extension.swift */ = {isa = PBXFileReference; lastKnownFileType = sourcecode.swift; path = "Double+Extension.swift"; sourceTree = "<group>"; };
		C0C497682AAD97590057EF29 /* click.m4a */ = {isa = PBXFileReference; lastKnownFileType = file; path = click.m4a; sourceTree = "<group>"; };
		C0C4976C2AAD978E0057EF29 /* AudioPlayerService.swift */ = {isa = PBXFileReference; lastKnownFileType = sourcecode.swift; path = AudioPlayerService.swift; sourceTree = "<group>"; };
		C0E4C6EA2A9BC7AD00A803CB /* CalculatorVm.swift */ = {isa = PBXFileReference; lastKnownFileType = sourcecode.swift; path = CalculatorVm.swift; sourceTree = "<group>"; };
		C0E4C6EC2A9BD72900A803CB /* String+Extensions.swift */ = {isa = PBXFileReference; lastKnownFileType = sourcecode.swift; path = "String+Extensions.swift"; sourceTree = "<group>"; };
		C0E4C6EF2A9BDEDE00A803CB /* Tip.swift */ = {isa = PBXFileReference; lastKnownFileType = sourcecode.swift; path = Tip.swift; sourceTree = "<group>"; };
		C0FC38DA2A90F29500310B03 /* HeaderView.swift */ = {isa = PBXFileReference; lastKnownFileType = sourcecode.swift; path = HeaderView.swift; sourceTree = "<group>"; };
		C0FC38DC2A90FA8F00310B03 /* TextFieldView.swift */ = {isa = PBXFileReference; lastKnownFileType = sourcecode.swift; path = TextFieldView.swift; sourceTree = "<group>"; };
		C0FC38DE2A90FF4F00310B03 /* CustomKeyBoard.swift */ = {isa = PBXFileReference; lastKnownFileType = sourcecode.swift; path = CustomKeyBoard.swift; sourceTree = "<group>"; };
/* End PBXFileReference section */

/* Begin PBXFrameworksBuildPhase section */
		C003EED52A8BCA3E00B64960 /* Frameworks */ = {
			isa = PBXFrameworksBuildPhase;
			buildActionMask = 2147483647;
			files = (
				C0B03BA02A8BCB7900BEAAD2 /* CombineCocoa in Frameworks */,
				C0B03BA32A8BCBA000BEAAD2 /* SnapKit in Frameworks */,
			);
			runOnlyForDeploymentPostprocessing = 0;
		};
		C003EEEB2A8BCA4000B64960 /* Frameworks */ = {
			isa = PBXFrameworksBuildPhase;
			buildActionMask = 2147483647;
			files = (
				C0B03BA62A8BCBD800BEAAD2 /* CombineCocoa in Frameworks */,
				C0B03BA92A8BCBF500BEAAD2 /* SnapshotTesting in Frameworks */,
			);
			runOnlyForDeploymentPostprocessing = 0;
		};
		C003EEF52A8BCA4000B64960 /* Frameworks */ = {
			isa = PBXFrameworksBuildPhase;
			buildActionMask = 2147483647;
			files = (
				C0B03BAB2A8BCC0500BEAAD2 /* CombineCocoa in Frameworks */,
			);
			runOnlyForDeploymentPostprocessing = 0;
		};
/* End PBXFrameworksBuildPhase section */

/* Begin PBXGroup section */
		C003EECF2A8BCA3E00B64960 = {
			isa = PBXGroup;
			children = (
				C003EEDA2A8BCA3E00B64960 /* TipCalculator */,
				C003EEF12A8BCA4000B64960 /* TipCalculatorTests */,
				C003EEFB2A8BCA4000B64960 /* TipCalculatorUITests */,
				C003EED92A8BCA3E00B64960 /* Products */,
				C0B03BA42A8BCBD800BEAAD2 /* Frameworks */,
			);
			sourceTree = "<group>";
		};
		C003EED92A8BCA3E00B64960 /* Products */ = {
			isa = PBXGroup;
			children = (
				C003EED82A8BCA3E00B64960 /* TipCalculator.app */,
				C003EEEE2A8BCA4000B64960 /* TipCalculatorTests.xctest */,
				C003EEF82A8BCA4000B64960 /* TipCalculatorUITests.xctest */,
			);
			name = Products;
			sourceTree = "<group>";
		};
		C003EEDA2A8BCA3E00B64960 /* TipCalculator */ = {
			isa = PBXGroup;
			children = (
				C0C4976B2AAD97760057EF29 /* Service */,
				C0C4976A2AAD975F0057EF29 /* Resource */,
				C0E4C6EE2A9BDED500A803CB /* Model */,
				C0E4C6E92A9BC75B00A803CB /* View Model */,
				C0B03C7A2A8D358100D7E5DA /* Extension */,
				C0B03C752A8D352700D7E5DA /* Configs */,
				C0B03BAC2A8BD48800BEAAD2 /* Views */,
				C003EEDB2A8BCA3F00B64960 /* AppDelegate.swift */,
				C003EEDD2A8BCA3F00B64960 /* SceneDelegate.swift */,
				C003EEDF2A8BCA3F00B64960 /* ViewController.swift */,
				C003EEE42A8BCA4000B64960 /* Assets.xcassets */,
				C003EEE62A8BCA4000B64960 /* LaunchScreen.storyboard */,
				C003EEE92A8BCA4000B64960 /* Info.plist */,
			);
			path = TipCalculator;
			sourceTree = "<group>";
		};
		C003EEF12A8BCA4000B64960 /* TipCalculatorTests */ = {
			isa = PBXGroup;
			children = (
				C003EEF22A8BCA4000B64960 /* TipCalculatorTests.swift */,
			);
			path = TipCalculatorTests;
			sourceTree = "<group>";
		};
		C003EEFB2A8BCA4000B64960 /* TipCalculatorUITests */ = {
			isa = PBXGroup;
			children = (
				C003EEFC2A8BCA4000B64960 /* TipCalculatorUITests.swift */,
				C003EEFE2A8BCA4000B64960 /* TipCalculatorUITestsLaunchTests.swift */,
			);
			path = TipCalculatorUITests;
			sourceTree = "<group>";
		};
		C0B03BA42A8BCBD800BEAAD2 /* Frameworks */ = {
			isa = PBXGroup;
			children = (
			);
			name = Frameworks;
			sourceTree = "<group>";
		};
		C0B03BAC2A8BD48800BEAAD2 /* Views */ = {
			isa = PBXGroup;
			children = (
				C0B03BAD2A8BD5A000BEAAD2 /* LogoView.swift */,
				C0B03BAF2A8BD71B00BEAAD2 /* ResultView.swift */,
				C0B03BB12A8C858800BEAAD2 /* BillInputView.swift */,
				C0B03BB32A8C85BB00BEAAD2 /* TipInputView.swift */,
				C0B03BB52A8C85E500BEAAD2 /* SplitInputView.swift */,
				C0B03BB72A8C920000BEAAD2 /* CustomStackView.swift */,
				C0B03C7D2A8D40EA00D7E5DA /* LabelFactory.swift */,
				C0B7BF4D2A8E2B5100C8990C /* AmountView.swift */,
				C0FC38DA2A90F29500310B03 /* HeaderView.swift */,
				C0FC38DC2A90FA8F00310B03 /* TextFieldView.swift */,
				C0FC38DE2A90FF4F00310B03 /* CustomKeyBoard.swift */,
			);
			path = Views;
			sourceTree = "<group>";
		};
		C0B03C752A8D352700D7E5DA /* Configs */ = {
			isa = PBXGroup;
			children = (
				C0B03C762A8D353B00D7E5DA /* ThemeColour.swift */,
				C0B03C782A8D354800D7E5DA /* ThemeFont.swift */,
			);
			path = Configs;
			sourceTree = "<group>";
		};
		C0B03C7A2A8D358100D7E5DA /* Extension */ = {
			isa = PBXGroup;
			children = (
				C0B03C7B2A8D359500D7E5DA /* UIColour+Extension.swift */,
				C0B7BF4F2A8E2DF900C8990C /* UIview+Extensions.swift */,
				C0E4C6EC2A9BD72900A803CB /* String+Extensions.swift */,
				C079829A2AA8EF8B00097F0A /* UIResponder+Extension.swift */,
				C0C497642AACE7560057EF29 /* Int+Extension.swift */,
				C0C497662AAD83150057EF29 /* Double+Extension.swift */,
			);
			path = Extension;
			sourceTree = "<group>";
		};
		C0C4976A2AAD975F0057EF29 /* Resource */ = {
			isa = PBXGroup;
			children = (
				C0C497682AAD97590057EF29 /* click.m4a */,
			);
			path = Resource;
			sourceTree = "<group>";
		};
		C0C4976B2AAD97760057EF29 /* Service */ = {
			isa = PBXGroup;
			children = (
				C0C4976C2AAD978E0057EF29 /* AudioPlayerService.swift */,
			);
			path = Service;
			sourceTree = "<group>";
		};
		C0E4C6E92A9BC75B00A803CB /* View Model */ = {
			isa = PBXGroup;
			children = (
				C0E4C6EA2A9BC7AD00A803CB /* CalculatorVm.swift */,
			);
			path = "View Model";
			sourceTree = "<group>";
		};
		C0E4C6EE2A9BDED500A803CB /* Model */ = {
			isa = PBXGroup;
			children = (
				C0E4C6EF2A9BDEDE00A803CB /* Tip.swift */,
			);
			path = Model;
			sourceTree = "<group>";
		};
/* End PBXGroup section */

/* Begin PBXNativeTarget section */
		C003EED72A8BCA3E00B64960 /* TipCalculator */ = {
			isa = PBXNativeTarget;
			buildConfigurationList = C003EF022A8BCA4000B64960 /* Build configuration list for PBXNativeTarget "TipCalculator" */;
			buildPhases = (
				C003EED42A8BCA3E00B64960 /* Sources */,
				C003EED52A8BCA3E00B64960 /* Frameworks */,
				C003EED62A8BCA3E00B64960 /* Resources */,
			);
			buildRules = (
			);
			dependencies = (
			);
			name = TipCalculator;
			packageProductDependencies = (
				C0B03B9F2A8BCB7900BEAAD2 /* CombineCocoa */,
				C0B03BA22A8BCBA000BEAAD2 /* SnapKit */,
			);
			productName = TipCalculator;
			productReference = C003EED82A8BCA3E00B64960 /* TipCalculator.app */;
			productType = "com.apple.product-type.application";
		};
		C003EEED2A8BCA4000B64960 /* TipCalculatorTests */ = {
			isa = PBXNativeTarget;
			buildConfigurationList = C003EF052A8BCA4000B64960 /* Build configuration list for PBXNativeTarget "TipCalculatorTests" */;
			buildPhases = (
				C003EEEA2A8BCA4000B64960 /* Sources */,
				C003EEEB2A8BCA4000B64960 /* Frameworks */,
				C003EEEC2A8BCA4000B64960 /* Resources */,
			);
			buildRules = (
			);
			dependencies = (
				C003EEF02A8BCA4000B64960 /* PBXTargetDependency */,
			);
			name = TipCalculatorTests;
			packageProductDependencies = (
				C0B03BA52A8BCBD800BEAAD2 /* CombineCocoa */,
				C0B03BA82A8BCBF500BEAAD2 /* SnapshotTesting */,
			);
			productName = TipCalculatorTests;
			productReference = C003EEEE2A8BCA4000B64960 /* TipCalculatorTests.xctest */;
			productType = "com.apple.product-type.bundle.unit-test";
		};
		C003EEF72A8BCA4000B64960 /* TipCalculatorUITests */ = {
			isa = PBXNativeTarget;
			buildConfigurationList = C003EF082A8BCA4000B64960 /* Build configuration list for PBXNativeTarget "TipCalculatorUITests" */;
			buildPhases = (
				C003EEF42A8BCA4000B64960 /* Sources */,
				C003EEF52A8BCA4000B64960 /* Frameworks */,
				C003EEF62A8BCA4000B64960 /* Resources */,
			);
			buildRules = (
			);
			dependencies = (
				C003EEFA2A8BCA4000B64960 /* PBXTargetDependency */,
			);
			name = TipCalculatorUITests;
			packageProductDependencies = (
				C0B03BAA2A8BCC0500BEAAD2 /* CombineCocoa */,
			);
			productName = TipCalculatorUITests;
			productReference = C003EEF82A8BCA4000B64960 /* TipCalculatorUITests.xctest */;
			productType = "com.apple.product-type.bundle.ui-testing";
		};
/* End PBXNativeTarget section */

/* Begin PBXProject section */
		C003EED02A8BCA3E00B64960 /* Project object */ = {
			isa = PBXProject;
			attributes = {
				BuildIndependentTargetsInParallel = 1;
				LastSwiftUpdateCheck = 1430;
				LastUpgradeCheck = 1430;
				TargetAttributes = {
					C003EED72A8BCA3E00B64960 = {
						CreatedOnToolsVersion = 14.3.1;
					};
					C003EEED2A8BCA4000B64960 = {
						CreatedOnToolsVersion = 14.3.1;
						TestTargetID = C003EED72A8BCA3E00B64960;
					};
					C003EEF72A8BCA4000B64960 = {
						CreatedOnToolsVersion = 14.3.1;
						TestTargetID = C003EED72A8BCA3E00B64960;
					};
				};
			};
			buildConfigurationList = C003EED32A8BCA3E00B64960 /* Build configuration list for PBXProject "TipCalculator" */;
			compatibilityVersion = "Xcode 14.0";
			developmentRegion = en;
			hasScannedForEncodings = 0;
			knownRegions = (
				en,
				Base,
			);
			mainGroup = C003EECF2A8BCA3E00B64960;
			packageReferences = (
				C0B03B9E2A8BCB7900BEAAD2 /* XCRemoteSwiftPackageReference "CombineCocoa" */,
				C0B03BA12A8BCBA000BEAAD2 /* XCRemoteSwiftPackageReference "SnapKit" */,
				C0B03BA72A8BCBF500BEAAD2 /* XCRemoteSwiftPackageReference "swift-snapshot-testing" */,
			);
			productRefGroup = C003EED92A8BCA3E00B64960 /* Products */;
			projectDirPath = "";
			projectRoot = "";
			targets = (
				C003EED72A8BCA3E00B64960 /* TipCalculator */,
				C003EEED2A8BCA4000B64960 /* TipCalculatorTests */,
				C003EEF72A8BCA4000B64960 /* TipCalculatorUITests */,
			);
		};
/* End PBXProject section */

/* Begin PBXResourcesBuildPhase section */
		C003EED62A8BCA3E00B64960 /* Resources */ = {
			isa = PBXResourcesBuildPhase;
			buildActionMask = 2147483647;
			files = (
				C0C497692AAD97590057EF29 /* click.m4a in Resources */,
				C003EEE82A8BCA4000B64960 /* LaunchScreen.storyboard in Resources */,
				C003EEE52A8BCA4000B64960 /* Assets.xcassets in Resources */,
			);
			runOnlyForDeploymentPostprocessing = 0;
		};
		C003EEEC2A8BCA4000B64960 /* Resources */ = {
			isa = PBXResourcesBuildPhase;
			buildActionMask = 2147483647;
			files = (
			);
			runOnlyForDeploymentPostprocessing = 0;
		};
		C003EEF62A8BCA4000B64960 /* Resources */ = {
			isa = PBXResourcesBuildPhase;
			buildActionMask = 2147483647;
			files = (
			);
			runOnlyForDeploymentPostprocessing = 0;
		};
/* End PBXResourcesBuildPhase section */

/* Begin PBXSourcesBuildPhase section */
		C003EED42A8BCA3E00B64960 /* Sources */ = {
			isa = PBXSourcesBuildPhase;
			buildActionMask = 2147483647;
			files = (
				C0E4C6ED2A9BD72900A803CB /* String+Extensions.swift in Sources */,
				C0B7BF4E2A8E2B5100C8990C /* AmountView.swift in Sources */,
				C0B03C792A8D354800D7E5DA /* ThemeFont.swift in Sources */,
				C0E4C6F02A9BDEDE00A803CB /* Tip.swift in Sources */,
				C0B03C7C2A8D359500D7E5DA /* UIColour+Extension.swift in Sources */,
				C0C4976D2AAD978E0057EF29 /* AudioPlayerService.swift in Sources */,
				C003EEE02A8BCA3F00B64960 /* ViewController.swift in Sources */,
				C0FC38DD2A90FA8F00310B03 /* TextFieldView.swift in Sources */,
				C003EEDC2A8BCA3F00B64960 /* AppDelegate.swift in Sources */,
				C0E4C6EB2A9BC7AD00A803CB /* CalculatorVm.swift in Sources */,
				C0B03BB22A8C858800BEAAD2 /* BillInputView.swift in Sources */,
				C079829B2AA8EF8B00097F0A /* UIResponder+Extension.swift in Sources */,
				C0B7BF502A8E2DF900C8990C /* UIview+Extensions.swift in Sources */,
				C0B03BB02A8BD71B00BEAAD2 /* ResultView.swift in Sources */,
				C0B03BAE2A8BD5A000BEAAD2 /* LogoView.swift in Sources */,
				C0B03C772A8D353B00D7E5DA /* ThemeColour.swift in Sources */,
				C0B03BB82A8C920000BEAAD2 /* CustomStackView.swift in Sources */,
				C003EEDE2A8BCA3F00B64960 /* SceneDelegate.swift in Sources */,
				C0C497652AACE7560057EF29 /* Int+Extension.swift in Sources */,
				C0B03BB62A8C85E500BEAAD2 /* SplitInputView.swift in Sources */,
				C0B03C7E2A8D40EA00D7E5DA /* LabelFactory.swift in Sources */,
				C0C497672AAD83150057EF29 /* Double+Extension.swift in Sources */,
				C0B03BB42A8C85BB00BEAAD2 /* TipInputView.swift in Sources */,
				C0FC38DB2A90F29500310B03 /* HeaderView.swift in Sources */,
				C0FC38DF2A90FF4F00310B03 /* CustomKeyBoard.swift in Sources */,
			);
			runOnlyForDeploymentPostprocessing = 0;
		};
		C003EEEA2A8BCA4000B64960 /* Sources */ = {
			isa = PBXSourcesBuildPhase;
			buildActionMask = 2147483647;
			files = (
				C003EEF32A8BCA4000B64960 /* TipCalculatorTests.swift in Sources */,
			);
			runOnlyForDeploymentPostprocessing = 0;
		};
		C003EEF42A8BCA4000B64960 /* Sources */ = {
			isa = PBXSourcesBuildPhase;
			buildActionMask = 2147483647;
			files = (
				C003EEFF2A8BCA4000B64960 /* TipCalculatorUITestsLaunchTests.swift in Sources */,
				C003EEFD2A8BCA4000B64960 /* TipCalculatorUITests.swift in Sources */,
			);
			runOnlyForDeploymentPostprocessing = 0;
		};
/* End PBXSourcesBuildPhase section */

/* Begin PBXTargetDependency section */
		C003EEF02A8BCA4000B64960 /* PBXTargetDependency */ = {
			isa = PBXTargetDependency;
			target = C003EED72A8BCA3E00B64960 /* TipCalculator */;
			targetProxy = C003EEEF2A8BCA4000B64960 /* PBXContainerItemProxy */;
		};
		C003EEFA2A8BCA4000B64960 /* PBXTargetDependency */ = {
			isa = PBXTargetDependency;
			target = C003EED72A8BCA3E00B64960 /* TipCalculator */;
			targetProxy = C003EEF92A8BCA4000B64960 /* PBXContainerItemProxy */;
		};
/* End PBXTargetDependency section */

/* Begin PBXVariantGroup section */
		C003EEE62A8BCA4000B64960 /* LaunchScreen.storyboard */ = {
			isa = PBXVariantGroup;
			children = (
				C003EEE72A8BCA4000B64960 /* Base */,
			);
			name = LaunchScreen.storyboard;
			sourceTree = "<group>";
		};
/* End PBXVariantGroup section */

/* Begin XCBuildConfiguration section */
		C003EF002A8BCA4000B64960 /* Debug */ = {
			isa = XCBuildConfiguration;
			buildSettings = {
				ALWAYS_SEARCH_USER_PATHS = NO;
				CLANG_ANALYZER_NONNULL = YES;
				CLANG_ANALYZER_NUMBER_OBJECT_CONVERSION = YES_AGGRESSIVE;
				CLANG_CXX_LANGUAGE_STANDARD = "gnu++20";
				CLANG_ENABLE_MODULES = YES;
				CLANG_ENABLE_OBJC_ARC = YES;
				CLANG_ENABLE_OBJC_WEAK = YES;
				CLANG_WARN_BLOCK_CAPTURE_AUTORELEASING = YES;
				CLANG_WARN_BOOL_CONVERSION = YES;
				CLANG_WARN_COMMA = YES;
				CLANG_WARN_CONSTANT_CONVERSION = YES;
				CLANG_WARN_DEPRECATED_OBJC_IMPLEMENTATIONS = YES;
				CLANG_WARN_DIRECT_OBJC_ISA_USAGE = YES_ERROR;
				CLANG_WARN_DOCUMENTATION_COMMENTS = YES;
				CLANG_WARN_EMPTY_BODY = YES;
				CLANG_WARN_ENUM_CONVERSION = YES;
				CLANG_WARN_INFINITE_RECURSION = YES;
				CLANG_WARN_INT_CONVERSION = YES;
				CLANG_WARN_NON_LITERAL_NULL_CONVERSION = YES;
				CLANG_WARN_OBJC_IMPLICIT_RETAIN_SELF = YES;
				CLANG_WARN_OBJC_LITERAL_CONVERSION = YES;
				CLANG_WARN_OBJC_ROOT_CLASS = YES_ERROR;
				CLANG_WARN_QUOTED_INCLUDE_IN_FRAMEWORK_HEADER = YES;
				CLANG_WARN_RANGE_LOOP_ANALYSIS = YES;
				CLANG_WARN_STRICT_PROTOTYPES = YES;
				CLANG_WARN_SUSPICIOUS_MOVE = YES;
				CLANG_WARN_UNGUARDED_AVAILABILITY = YES_AGGRESSIVE;
				CLANG_WARN_UNREACHABLE_CODE = YES;
				CLANG_WARN__DUPLICATE_METHOD_MATCH = YES;
				COPY_PHASE_STRIP = NO;
				DEBUG_INFORMATION_FORMAT = dwarf;
				ENABLE_STRICT_OBJC_MSGSEND = YES;
				ENABLE_TESTABILITY = YES;
				GCC_C_LANGUAGE_STANDARD = gnu11;
				GCC_DYNAMIC_NO_PIC = NO;
				GCC_NO_COMMON_BLOCKS = YES;
				GCC_OPTIMIZATION_LEVEL = 0;
				GCC_PREPROCESSOR_DEFINITIONS = (
					"DEBUG=1",
					"$(inherited)",
				);
				GCC_WARN_64_TO_32_BIT_CONVERSION = YES;
				GCC_WARN_ABOUT_RETURN_TYPE = YES_ERROR;
				GCC_WARN_UNDECLARED_SELECTOR = YES;
				GCC_WARN_UNINITIALIZED_AUTOS = YES_AGGRESSIVE;
				GCC_WARN_UNUSED_FUNCTION = YES;
				GCC_WARN_UNUSED_VARIABLE = YES;
				IPHONEOS_DEPLOYMENT_TARGET = 16.4;
				MTL_ENABLE_DEBUG_INFO = INCLUDE_SOURCE;
				MTL_FAST_MATH = YES;
				ONLY_ACTIVE_ARCH = YES;
				SDKROOT = iphoneos;
				SWIFT_ACTIVE_COMPILATION_CONDITIONS = DEBUG;
				SWIFT_OPTIMIZATION_LEVEL = "-Onone";
			};
			name = Debug;
		};
		C003EF012A8BCA4000B64960 /* Release */ = {
			isa = XCBuildConfiguration;
			buildSettings = {
				ALWAYS_SEARCH_USER_PATHS = NO;
				CLANG_ANALYZER_NONNULL = YES;
				CLANG_ANALYZER_NUMBER_OBJECT_CONVERSION = YES_AGGRESSIVE;
				CLANG_CXX_LANGUAGE_STANDARD = "gnu++20";
				CLANG_ENABLE_MODULES = YES;
				CLANG_ENABLE_OBJC_ARC = YES;
				CLANG_ENABLE_OBJC_WEAK = YES;
				CLANG_WARN_BLOCK_CAPTURE_AUTORELEASING = YES;
				CLANG_WARN_BOOL_CONVERSION = YES;
				CLANG_WARN_COMMA = YES;
				CLANG_WARN_CONSTANT_CONVERSION = YES;
				CLANG_WARN_DEPRECATED_OBJC_IMPLEMENTATIONS = YES;
				CLANG_WARN_DIRECT_OBJC_ISA_USAGE = YES_ERROR;
				CLANG_WARN_DOCUMENTATION_COMMENTS = YES;
				CLANG_WARN_EMPTY_BODY = YES;
				CLANG_WARN_ENUM_CONVERSION = YES;
				CLANG_WARN_INFINITE_RECURSION = YES;
				CLANG_WARN_INT_CONVERSION = YES;
				CLANG_WARN_NON_LITERAL_NULL_CONVERSION = YES;
				CLANG_WARN_OBJC_IMPLICIT_RETAIN_SELF = YES;
				CLANG_WARN_OBJC_LITERAL_CONVERSION = YES;
				CLANG_WARN_OBJC_ROOT_CLASS = YES_ERROR;
				CLANG_WARN_QUOTED_INCLUDE_IN_FRAMEWORK_HEADER = YES;
				CLANG_WARN_RANGE_LOOP_ANALYSIS = YES;
				CLANG_WARN_STRICT_PROTOTYPES = YES;
				CLANG_WARN_SUSPICIOUS_MOVE = YES;
				CLANG_WARN_UNGUARDED_AVAILABILITY = YES_AGGRESSIVE;
				CLANG_WARN_UNREACHABLE_CODE = YES;
				CLANG_WARN__DUPLICATE_METHOD_MATCH = YES;
				COPY_PHASE_STRIP = NO;
				DEBUG_INFORMATION_FORMAT = "dwarf-with-dsym";
				ENABLE_NS_ASSERTIONS = NO;
				ENABLE_STRICT_OBJC_MSGSEND = YES;
				GCC_C_LANGUAGE_STANDARD = gnu11;
				GCC_NO_COMMON_BLOCKS = YES;
				GCC_WARN_64_TO_32_BIT_CONVERSION = YES;
				GCC_WARN_ABOUT_RETURN_TYPE = YES_ERROR;
				GCC_WARN_UNDECLARED_SELECTOR = YES;
				GCC_WARN_UNINITIALIZED_AUTOS = YES_AGGRESSIVE;
				GCC_WARN_UNUSED_FUNCTION = YES;
				GCC_WARN_UNUSED_VARIABLE = YES;
				IPHONEOS_DEPLOYMENT_TARGET = 16.4;
				MTL_ENABLE_DEBUG_INFO = NO;
				MTL_FAST_MATH = YES;
				SDKROOT = iphoneos;
				SWIFT_COMPILATION_MODE = wholemodule;
				SWIFT_OPTIMIZATION_LEVEL = "-O";
				VALIDATE_PRODUCT = YES;
			};
			name = Release;
		};
		C003EF032A8BCA4000B64960 /* Debug */ = {
			isa = XCBuildConfiguration;
			buildSettings = {
				ASSETCATALOG_COMPILER_APPICON_NAME = AppIcon;
				ASSETCATALOG_COMPILER_GLOBAL_ACCENT_COLOR_NAME = AccentColor;
				CODE_SIGN_STYLE = Automatic;
				CURRENT_PROJECT_VERSION = 1;
				DEVELOPMENT_TEAM = 9PRPF8UXKX;
				GENERATE_INFOPLIST_FILE = YES;
				INFOPLIST_FILE = TipCalculator/Info.plist;
				INFOPLIST_KEY_UIApplicationSupportsIndirectInputEvents = YES;
				INFOPLIST_KEY_UILaunchStoryboardName = LaunchScreen;
				INFOPLIST_KEY_UISupportedInterfaceOrientations_iPad = "UIInterfaceOrientationPortrait UIInterfaceOrientationPortraitUpsideDown UIInterfaceOrientationLandscapeLeft UIInterfaceOrientationLandscapeRight";
				INFOPLIST_KEY_UISupportedInterfaceOrientations_iPhone = "UIInterfaceOrientationPortrait UIInterfaceOrientationLandscapeLeft UIInterfaceOrientationLandscapeRight";
				LD_RUNPATH_SEARCH_PATHS = (
					"$(inherited)",
					"@executable_path/Frameworks",
				);
				MARKETING_VERSION = 1.0;
				PRODUCT_BUNDLE_IDENTIFIER = com.ahdivio.TipCalculator;
				PRODUCT_NAME = "$(TARGET_NAME)";
				SWIFT_EMIT_LOC_STRINGS = YES;
				SWIFT_VERSION = 5.0;
				TARGETED_DEVICE_FAMILY = "1,2";
			};
			name = Debug;
		};
		C003EF042A8BCA4000B64960 /* Release */ = {
			isa = XCBuildConfiguration;
			buildSettings = {
				ASSETCATALOG_COMPILER_APPICON_NAME = AppIcon;
				ASSETCATALOG_COMPILER_GLOBAL_ACCENT_COLOR_NAME = AccentColor;
				CODE_SIGN_STYLE = Automatic;
				CURRENT_PROJECT_VERSION = 1;
				DEVELOPMENT_TEAM = 9PRPF8UXKX;
				GENERATE_INFOPLIST_FILE = YES;
				INFOPLIST_FILE = TipCalculator/Info.plist;
				INFOPLIST_KEY_UIApplicationSupportsIndirectInputEvents = YES;
				INFOPLIST_KEY_UILaunchStoryboardName = LaunchScreen;
				INFOPLIST_KEY_UISupportedInterfaceOrientations_iPad = "UIInterfaceOrientationPortrait UIInterfaceOrientationPortraitUpsideDown UIInterfaceOrientationLandscapeLeft UIInterfaceOrientationLandscapeRight";
				INFOPLIST_KEY_UISupportedInterfaceOrientations_iPhone = "UIInterfaceOrientationPortrait UIInterfaceOrientationLandscapeLeft UIInterfaceOrientationLandscapeRight";
				LD_RUNPATH_SEARCH_PATHS = (
					"$(inherited)",
					"@executable_path/Frameworks",
				);
				MARKETING_VERSION = 1.0;
				PRODUCT_BUNDLE_IDENTIFIER = com.ahdivio.TipCalculator;
				PRODUCT_NAME = "$(TARGET_NAME)";
				SWIFT_EMIT_LOC_STRINGS = YES;
				SWIFT_VERSION = 5.0;
				TARGETED_DEVICE_FAMILY = "1,2";
			};
			name = Release;
		};
		C003EF062A8BCA4000B64960 /* Debug */ = {
			isa = XCBuildConfiguration;
			buildSettings = {
				ALWAYS_EMBED_SWIFT_STANDARD_LIBRARIES = YES;
				BUNDLE_LOADER = "$(TEST_HOST)";
				CODE_SIGN_STYLE = Automatic;
				CURRENT_PROJECT_VERSION = 1;
				DEVELOPMENT_TEAM = 9PRPF8UXKX;
				GENERATE_INFOPLIST_FILE = YES;
				IPHONEOS_DEPLOYMENT_TARGET = 16.4;
				MARKETING_VERSION = 1.0;
				PRODUCT_BUNDLE_IDENTIFIER = com.ahdivio.TipCalculatorTests;
				PRODUCT_NAME = "$(TARGET_NAME)";
				SWIFT_EMIT_LOC_STRINGS = NO;
				SWIFT_VERSION = 5.0;
				TARGETED_DEVICE_FAMILY = "1,2";
				TEST_HOST = "$(BUILT_PRODUCTS_DIR)/TipCalculator.app/$(BUNDLE_EXECUTABLE_FOLDER_PATH)/TipCalculator";
			};
			name = Debug;
		};
		C003EF072A8BCA4000B64960 /* Release */ = {
			isa = XCBuildConfiguration;
			buildSettings = {
				ALWAYS_EMBED_SWIFT_STANDARD_LIBRARIES = YES;
				BUNDLE_LOADER = "$(TEST_HOST)";
				CODE_SIGN_STYLE = Automatic;
				CURRENT_PROJECT_VERSION = 1;
				DEVELOPMENT_TEAM = 9PRPF8UXKX;
				GENERATE_INFOPLIST_FILE = YES;
				IPHONEOS_DEPLOYMENT_TARGET = 16.4;
				MARKETING_VERSION = 1.0;
				PRODUCT_BUNDLE_IDENTIFIER = com.ahdivio.TipCalculatorTests;
				PRODUCT_NAME = "$(TARGET_NAME)";
				SWIFT_EMIT_LOC_STRINGS = NO;
				SWIFT_VERSION = 5.0;
				TARGETED_DEVICE_FAMILY = "1,2";
				TEST_HOST = "$(BUILT_PRODUCTS_DIR)/TipCalculator.app/$(BUNDLE_EXECUTABLE_FOLDER_PATH)/TipCalculator";
			};
			name = Release;
		};
		C003EF092A8BCA4000B64960 /* Debug */ = {
			isa = XCBuildConfiguration;
			buildSettings = {
				ALWAYS_EMBED_SWIFT_STANDARD_LIBRARIES = YES;
				CODE_SIGN_STYLE = Automatic;
				CURRENT_PROJECT_VERSION = 1;
				DEVELOPMENT_TEAM = 9PRPF8UXKX;
				GENERATE_INFOPLIST_FILE = YES;
				MARKETING_VERSION = 1.0;
				PRODUCT_BUNDLE_IDENTIFIER = com.ahdivio.TipCalculatorUITests;
				PRODUCT_NAME = "$(TARGET_NAME)";
				SWIFT_EMIT_LOC_STRINGS = NO;
				SWIFT_VERSION = 5.0;
				TARGETED_DEVICE_FAMILY = "1,2";
				TEST_TARGET_NAME = TipCalculator;
			};
			name = Debug;
		};
		C003EF0A2A8BCA4000B64960 /* Release */ = {
			isa = XCBuildConfiguration;
			buildSettings = {
				ALWAYS_EMBED_SWIFT_STANDARD_LIBRARIES = YES;
				CODE_SIGN_STYLE = Automatic;
				CURRENT_PROJECT_VERSION = 1;
				DEVELOPMENT_TEAM = 9PRPF8UXKX;
				GENERATE_INFOPLIST_FILE = YES;
				MARKETING_VERSION = 1.0;
				PRODUCT_BUNDLE_IDENTIFIER = com.ahdivio.TipCalculatorUITests;
				PRODUCT_NAME = "$(TARGET_NAME)";
				SWIFT_EMIT_LOC_STRINGS = NO;
				SWIFT_VERSION = 5.0;
				TARGETED_DEVICE_FAMILY = "1,2";
				TEST_TARGET_NAME = TipCalculator;
			};
			name = Release;
		};
/* End XCBuildConfiguration section */

/* Begin XCConfigurationList section */
		C003EED32A8BCA3E00B64960 /* Build configuration list for PBXProject "TipCalculator" */ = {
			isa = XCConfigurationList;
			buildConfigurations = (
				C003EF002A8BCA4000B64960 /* Debug */,
				C003EF012A8BCA4000B64960 /* Release */,
			);
			defaultConfigurationIsVisible = 0;
			defaultConfigurationName = Release;
		};
		C003EF022A8BCA4000B64960 /* Build configuration list for PBXNativeTarget "TipCalculator" */ = {
			isa = XCConfigurationList;
			buildConfigurations = (
				C003EF032A8BCA4000B64960 /* Debug */,
				C003EF042A8BCA4000B64960 /* Release */,
			);
			defaultConfigurationIsVisible = 0;
			defaultConfigurationName = Release;
		};
		C003EF052A8BCA4000B64960 /* Build configuration list for PBXNativeTarget "TipCalculatorTests" */ = {
			isa = XCConfigurationList;
			buildConfigurations = (
				C003EF062A8BCA4000B64960 /* Debug */,
				C003EF072A8BCA4000B64960 /* Release */,
			);
			defaultConfigurationIsVisible = 0;
			defaultConfigurationName = Release;
		};
		C003EF082A8BCA4000B64960 /* Build configuration list for PBXNativeTarget "TipCalculatorUITests" */ = {
			isa = XCConfigurationList;
			buildConfigurations = (
				C003EF092A8BCA4000B64960 /* Debug */,
				C003EF0A2A8BCA4000B64960 /* Release */,
			);
			defaultConfigurationIsVisible = 0;
			defaultConfigurationName = Release;
		};
/* End XCConfigurationList section */

/* Begin XCRemoteSwiftPackageReference section */
		C0B03B9E2A8BCB7900BEAAD2 /* XCRemoteSwiftPackageReference "CombineCocoa" */ = {
			isa = XCRemoteSwiftPackageReference;
			repositoryURL = "https://github.com/CombineCommunity/CombineCocoa";
			requirement = {
				kind = upToNextMinorVersion;
				minimumVersion = 0.4.1;
			};
		};
		C0B03BA12A8BCBA000BEAAD2 /* XCRemoteSwiftPackageReference "SnapKit" */ = {
			isa = XCRemoteSwiftPackageReference;
			repositoryURL = "https://github.com/SnapKit/SnapKit";
			requirement = {
				kind = upToNextMinorVersion;
				minimumVersion = 5.6.0;
			};
		};
		C0B03BA72A8BCBF500BEAAD2 /* XCRemoteSwiftPackageReference "swift-snapshot-testing" */ = {
			isa = XCRemoteSwiftPackageReference;
			repositoryURL = "https://github.com/pointfreeco/swift-snapshot-testing";
			requirement = {
				kind = upToNextMinorVersion;
				minimumVersion = 1.11.1;
			};
		};
/* End XCRemoteSwiftPackageReference section */

/* Begin XCSwiftPackageProductDependency section */
		C0B03B9F2A8BCB7900BEAAD2 /* CombineCocoa */ = {
			isa = XCSwiftPackageProductDependency;
			package = C0B03B9E2A8BCB7900BEAAD2 /* XCRemoteSwiftPackageReference "CombineCocoa" */;
			productName = CombineCocoa;
		};
		C0B03BA22A8BCBA000BEAAD2 /* SnapKit */ = {
			isa = XCSwiftPackageProductDependency;
			package = C0B03BA12A8BCBA000BEAAD2 /* XCRemoteSwiftPackageReference "SnapKit" */;
			productName = SnapKit;
		};
		C0B03BA52A8BCBD800BEAAD2 /* CombineCocoa */ = {
			isa = XCSwiftPackageProductDependency;
			package = C0B03B9E2A8BCB7900BEAAD2 /* XCRemoteSwiftPackageReference "CombineCocoa" */;
			productName = CombineCocoa;
		};
		C0B03BA82A8BCBF500BEAAD2 /* SnapshotTesting */ = {
			isa = XCSwiftPackageProductDependency;
			package = C0B03BA72A8BCBF500BEAAD2 /* XCRemoteSwiftPackageReference "swift-snapshot-testing" */;
			productName = SnapshotTesting;
		};
		C0B03BAA2A8BCC0500BEAAD2 /* CombineCocoa */ = {
			isa = XCSwiftPackageProductDependency;
			package = C0B03B9E2A8BCB7900BEAAD2 /* XCRemoteSwiftPackageReference "CombineCocoa" */;
			productName = CombineCocoa;
		};
/* End XCSwiftPackageProductDependency section */
	};
	rootObject = C003EED02A8BCA3E00B64960 /* Project object */;
}
